// !$*UTF8*$!
{
	archiveVersion = 1;
	classes = {
	};
	objectVersion = 56;
	objects = {

/* Begin PBXBuildFile section */
		0B5F952E2B52796E004E5117 /* G_Store_MVApp.swift in Sources */ = {isa = PBXBuildFile; fileRef = 0B5F952D2B52796E004E5117 /* G_Store_MVApp.swift */; };
		0B5F95302B52796E004E5117 /* SplashScreen.swift in Sources */ = {isa = PBXBuildFile; fileRef = 0B5F952F2B52796E004E5117 /* SplashScreen.swift */; };
		0B5F95322B52796F004E5117 /* Assets.xcassets in Resources */ = {isa = PBXBuildFile; fileRef = 0B5F95312B52796F004E5117 /* Assets.xcassets */; };
		0B5F95352B52796F004E5117 /* Preview Assets.xcassets in Resources */ = {isa = PBXBuildFile; fileRef = 0B5F95342B52796F004E5117 /* Preview Assets.xcassets */; };
		0B5F953C2B527988004E5117 /* APIService.swift in Sources */ = {isa = PBXBuildFile; fileRef = 0B5F953B2B527988004E5117 /* APIService.swift */; };
		0B5F953F2B527C3C004E5117 /* Product.swift in Sources */ = {isa = PBXBuildFile; fileRef = 0B5F953E2B527C3C004E5117 /* Product.swift */; };
		0B5F95412B527CF7004E5117 /* Rating.swift in Sources */ = {isa = PBXBuildFile; fileRef = 0B5F95402B527CF7004E5117 /* Rating.swift */; };
		0B5F95442B527F8F004E5117 /* ProductModel.swift in Sources */ = {isa = PBXBuildFile; fileRef = 0B5F95432B527F8F004E5117 /* ProductModel.swift */; };
		0B5F95482B528F8B004E5117 /* ProductsListView.swift in Sources */ = {isa = PBXBuildFile; fileRef = 0B5F95472B528F8B004E5117 /* ProductsListView.swift */; };
		0B5F954A2B52A127004E5117 /* HomeScreen.swift in Sources */ = {isa = PBXBuildFile; fileRef = 0B5F95492B52A127004E5117 /* HomeScreen.swift */; };
		0B5F954D2B52AF6A004E5117 /* View+Extension.swift in Sources */ = {isa = PBXBuildFile; fileRef = 0B5F954C2B52AF6A004E5117 /* View+Extension.swift */; };
		0B5F954F2B52E340004E5117 /* AddProductScreen.swift in Sources */ = {isa = PBXBuildFile; fileRef = 0B5F954E2B52E340004E5117 /* AddProductScreen.swift */; };
		0B936CBA2B56E4730093B5D7 /* CategoriesModel.swift in Sources */ = {isa = PBXBuildFile; fileRef = 0B936CB92B56E4730093B5D7 /* CategoriesModel.swift */; };
		0B936CBC2B56E7880093B5D7 /* HorizontalCategories.swift in Sources */ = {isa = PBXBuildFile; fileRef = 0B936CBB2B56E7880093B5D7 /* HorizontalCategories.swift */; };
		0B936CBE2B56EB240093B5D7 /* Category.swift in Sources */ = {isa = PBXBuildFile; fileRef = 0B936CBD2B56EB240093B5D7 /* Category.swift */; };
		0BCF472B2B53A64C00D0CD83 /* AppEnvironment.swift in Sources */ = {isa = PBXBuildFile; fileRef = 0BCF472A2B53A64C00D0CD83 /* AppEnvironment.swift */; };
		0BCF472D2B53BEF700D0CD83 /* ProductDetailsScreen.swift in Sources */ = {isa = PBXBuildFile; fileRef = 0BCF472C2B53BEF700D0CD83 /* ProductDetailsScreen.swift */; };
		0BCF472F2B53C04F00D0CD83 /* NetworkImageView.swift in Sources */ = {isa = PBXBuildFile; fileRef = 0BCF472E2B53C04F00D0CD83 /* NetworkImageView.swift */; };
		0BCF47312B53E39700D0CD83 /* String+Extension.swift in Sources */ = {isa = PBXBuildFile; fileRef = 0BCF47302B53E39700D0CD83 /* String+Extension.swift */; };
		0BCF47332B53ED9E00D0CD83 /* Constraint.swift in Sources */ = {isa = PBXBuildFile; fileRef = 0BCF47322B53ED9E00D0CD83 /* Constraint.swift */; };
		0BCF47352B54288600D0CD83 /* ProductHorizontalList.swift in Sources */ = {isa = PBXBuildFile; fileRef = 0BCF47342B54288600D0CD83 /* ProductHorizontalList.swift */; };
/* End PBXBuildFile section */

/* Begin PBXFileReference section */
		0B5F952A2B52796E004E5117 /* G Store MV.app */ = {isa = PBXFileReference; explicitFileType = wrapper.application; includeInIndex = 0; path = "G Store MV.app"; sourceTree = BUILT_PRODUCTS_DIR; };
		0B5F952D2B52796E004E5117 /* G_Store_MVApp.swift */ = {isa = PBXFileReference; lastKnownFileType = sourcecode.swift; path = G_Store_MVApp.swift; sourceTree = "<group>"; };
		0B5F952F2B52796E004E5117 /* SplashScreen.swift */ = {isa = PBXFileReference; lastKnownFileType = sourcecode.swift; path = SplashScreen.swift; sourceTree = "<group>"; };
		0B5F95312B52796F004E5117 /* Assets.xcassets */ = {isa = PBXFileReference; lastKnownFileType = folder.assetcatalog; path = Assets.xcassets; sourceTree = "<group>"; };
		0B5F95342B52796F004E5117 /* Preview Assets.xcassets */ = {isa = PBXFileReference; lastKnownFileType = folder.assetcatalog; path = "Preview Assets.xcassets"; sourceTree = "<group>"; };
		0B5F953B2B527988004E5117 /* APIService.swift */ = {isa = PBXFileReference; fileEncoding = 4; lastKnownFileType = sourcecode.swift; path = APIService.swift; sourceTree = "<group>"; };
		0B5F953E2B527C3C004E5117 /* Product.swift */ = {isa = PBXFileReference; lastKnownFileType = sourcecode.swift; path = Product.swift; sourceTree = "<group>"; };
		0B5F95402B527CF7004E5117 /* Rating.swift */ = {isa = PBXFileReference; lastKnownFileType = sourcecode.swift; path = Rating.swift; sourceTree = "<group>"; };
		0B5F95432B527F8F004E5117 /* ProductModel.swift */ = {isa = PBXFileReference; lastKnownFileType = sourcecode.swift; path = ProductModel.swift; sourceTree = "<group>"; };
		0B5F95472B528F8B004E5117 /* ProductsListView.swift */ = {isa = PBXFileReference; lastKnownFileType = sourcecode.swift; path = ProductsListView.swift; sourceTree = "<group>"; };
		0B5F95492B52A127004E5117 /* HomeScreen.swift */ = {isa = PBXFileReference; lastKnownFileType = sourcecode.swift; path = HomeScreen.swift; sourceTree = "<group>"; };
		0B5F954C2B52AF6A004E5117 /* View+Extension.swift */ = {isa = PBXFileReference; lastKnownFileType = sourcecode.swift; path = "View+Extension.swift"; sourceTree = "<group>"; };
		0B5F954E2B52E340004E5117 /* AddProductScreen.swift */ = {isa = PBXFileReference; lastKnownFileType = sourcecode.swift; path = AddProductScreen.swift; sourceTree = "<group>"; };
		0B936CB92B56E4730093B5D7 /* CategoriesModel.swift */ = {isa = PBXFileReference; lastKnownFileType = sourcecode.swift; path = CategoriesModel.swift; sourceTree = "<group>"; };
		0B936CBB2B56E7880093B5D7 /* HorizontalCategories.swift */ = {isa = PBXFileReference; lastKnownFileType = sourcecode.swift; path = HorizontalCategories.swift; sourceTree = "<group>"; };
		0B936CBD2B56EB240093B5D7 /* Category.swift */ = {isa = PBXFileReference; lastKnownFileType = sourcecode.swift; path = Category.swift; sourceTree = "<group>"; };
		0BCF472A2B53A64C00D0CD83 /* AppEnvironment.swift */ = {isa = PBXFileReference; lastKnownFileType = sourcecode.swift; path = AppEnvironment.swift; sourceTree = "<group>"; };
		0BCF472C2B53BEF700D0CD83 /* ProductDetailsScreen.swift */ = {isa = PBXFileReference; lastKnownFileType = sourcecode.swift; path = ProductDetailsScreen.swift; sourceTree = "<group>"; };
		0BCF472E2B53C04F00D0CD83 /* NetworkImageView.swift */ = {isa = PBXFileReference; lastKnownFileType = sourcecode.swift; path = NetworkImageView.swift; sourceTree = "<group>"; };
		0BCF47302B53E39700D0CD83 /* String+Extension.swift */ = {isa = PBXFileReference; lastKnownFileType = sourcecode.swift; path = "String+Extension.swift"; sourceTree = "<group>"; };
		0BCF47322B53ED9E00D0CD83 /* Constraint.swift */ = {isa = PBXFileReference; lastKnownFileType = sourcecode.swift; path = Constraint.swift; sourceTree = "<group>"; };
		0BCF47342B54288600D0CD83 /* ProductHorizontalList.swift */ = {isa = PBXFileReference; lastKnownFileType = sourcecode.swift; path = ProductHorizontalList.swift; sourceTree = "<group>"; };
/* End PBXFileReference section */

/* Begin PBXFrameworksBuildPhase section */
		0B5F95272B52796E004E5117 /* Frameworks */ = {
			isa = PBXFrameworksBuildPhase;
			buildActionMask = 2147483647;
			files = (
			);
			runOnlyForDeploymentPostprocessing = 0;
		};
/* End PBXFrameworksBuildPhase section */

/* Begin PBXGroup section */
		0B5F95212B52796E004E5117 = {
			isa = PBXGroup;
			children = (
				0B5F952C2B52796E004E5117 /* G Store MV */,
				0B5F952B2B52796E004E5117 /* Products */,
			);
			sourceTree = "<group>";
		};
		0B5F952B2B52796E004E5117 /* Products */ = {
			isa = PBXGroup;
			children = (
				0B5F952A2B52796E004E5117 /* G Store MV.app */,
			);
			name = Products;
			sourceTree = "<group>";
		};
		0B5F952C2B52796E004E5117 /* G Store MV */ = {
			isa = PBXGroup;
			children = (
				0B5F954B2B52AF56004E5117 /* Extensions */,
				0B5F95462B528F53004E5117 /* Components */,
				0B5F95452B528F37004E5117 /* Screens */,
				0B5F95422B527DC3004E5117 /* AggregateRoot */,
				0B5F953D2B527BC7004E5117 /* Models */,
				0B5F952D2B52796E004E5117 /* G_Store_MVApp.swift */,
				0B5F953B2B527988004E5117 /* APIService.swift */,
				0B5F95312B52796F004E5117 /* Assets.xcassets */,
				0B5F95332B52796F004E5117 /* Preview Content */,
				0BCF472A2B53A64C00D0CD83 /* AppEnvironment.swift */,
				0BCF47322B53ED9E00D0CD83 /* Constraint.swift */,
			);
			path = "G Store MV";
			sourceTree = "<group>";
		};
		0B5F95332B52796F004E5117 /* Preview Content */ = {
			isa = PBXGroup;
			children = (
				0B5F95342B52796F004E5117 /* Preview Assets.xcassets */,
			);
			path = "Preview Content";
			sourceTree = "<group>";
		};
		0B5F953D2B527BC7004E5117 /* Models */ = {
			isa = PBXGroup;
			children = (
				0B5F953E2B527C3C004E5117 /* Product.swift */,
				0B5F95402B527CF7004E5117 /* Rating.swift */,
				0B936CBD2B56EB240093B5D7 /* Category.swift */,
			);
			path = Models;
			sourceTree = "<group>";
		};
		0B5F95422B527DC3004E5117 /* AggregateRoot */ = {
			isa = PBXGroup;
			children = (
				0B5F95432B527F8F004E5117 /* ProductModel.swift */,
				0B936CB92B56E4730093B5D7 /* CategoriesModel.swift */,
			);
			path = AggregateRoot;
			sourceTree = "<group>";
		};
		0B5F95452B528F37004E5117 /* Screens */ = {
			isa = PBXGroup;
			children = (
				0B5F952F2B52796E004E5117 /* SplashScreen.swift */,
				0B5F95492B52A127004E5117 /* HomeScreen.swift */,
				0B5F954E2B52E340004E5117 /* AddProductScreen.swift */,
				0BCF472C2B53BEF700D0CD83 /* ProductDetailsScreen.swift */,
			);
			path = Screens;
			sourceTree = "<group>";
		};
		0B5F95462B528F53004E5117 /* Components */ = {
			isa = PBXGroup;
			children = (
				0B5F95472B528F8B004E5117 /* ProductsListView.swift */,
				0BCF472E2B53C04F00D0CD83 /* NetworkImageView.swift */,
				0BCF47342B54288600D0CD83 /* ProductHorizontalList.swift */,
				0B936CBB2B56E7880093B5D7 /* HorizontalCategories.swift */,
			);
			path = Components;
			sourceTree = "<group>";
		};
		0B5F954B2B52AF56004E5117 /* Extensions */ = {
			isa = PBXGroup;
			children = (
				0B5F954C2B52AF6A004E5117 /* View+Extension.swift */,
				0BCF47302B53E39700D0CD83 /* String+Extension.swift */,
			);
			path = Extensions;
			sourceTree = "<group>";
		};
/* End PBXGroup section */

/* Begin PBXNativeTarget section */
		0B5F95292B52796E004E5117 /* G Store MV */ = {
			isa = PBXNativeTarget;
			buildConfigurationList = 0B5F95382B52796F004E5117 /* Build configuration list for PBXNativeTarget "G Store MV" */;
			buildPhases = (
				0B5F95262B52796E004E5117 /* Sources */,
				0B5F95272B52796E004E5117 /* Frameworks */,
				0B5F95282B52796E004E5117 /* Resources */,
			);
			buildRules = (
			);
			dependencies = (
			);
			name = "G Store MV";
			productName = "G Store MV";
			productReference = 0B5F952A2B52796E004E5117 /* G Store MV.app */;
			productType = "com.apple.product-type.application";
		};
/* End PBXNativeTarget section */

/* Begin PBXProject section */
		0B5F95222B52796E004E5117 /* Project object */ = {
			isa = PBXProject;
			attributes = {
				BuildIndependentTargetsInParallel = 1;
				LastSwiftUpdateCheck = 1430;
				LastUpgradeCheck = 1430;
				TargetAttributes = {
					0B5F95292B52796E004E5117 = {
						CreatedOnToolsVersion = 14.3.1;
					};
				};
			};
			buildConfigurationList = 0B5F95252B52796E004E5117 /* Build configuration list for PBXProject "G Store MV" */;
			compatibilityVersion = "Xcode 14.0";
			developmentRegion = en;
			hasScannedForEncodings = 0;
			knownRegions = (
				en,
				Base,
			);
			mainGroup = 0B5F95212B52796E004E5117;
			productRefGroup = 0B5F952B2B52796E004E5117 /* Products */;
			projectDirPath = "";
			projectRoot = "";
			targets = (
				0B5F95292B52796E004E5117 /* G Store MV */,
			);
		};
/* End PBXProject section */

/* Begin PBXResourcesBuildPhase section */
		0B5F95282B52796E004E5117 /* Resources */ = {
			isa = PBXResourcesBuildPhase;
			buildActionMask = 2147483647;
			files = (
				0B5F95352B52796F004E5117 /* Preview Assets.xcassets in Resources */,
				0B5F95322B52796F004E5117 /* Assets.xcassets in Resources */,
			);
			runOnlyForDeploymentPostprocessing = 0;
		};
/* End PBXResourcesBuildPhase section */

/* Begin PBXSourcesBuildPhase section */
		0B5F95262B52796E004E5117 /* Sources */ = {
			isa = PBXSourcesBuildPhase;
			buildActionMask = 2147483647;
			files = (
				0BCF472D2B53BEF700D0CD83 /* ProductDetailsScreen.swift in Sources */,
				0B5F95302B52796E004E5117 /* SplashScreen.swift in Sources */,
				0B936CBE2B56EB240093B5D7 /* Category.swift in Sources */,
				0B5F95442B527F8F004E5117 /* ProductModel.swift in Sources */,
				0BCF47332B53ED9E00D0CD83 /* Constraint.swift in Sources */,
				0B5F953F2B527C3C004E5117 /* Product.swift in Sources */,
				0B5F954F2B52E340004E5117 /* AddProductScreen.swift in Sources */,
				0BCF472B2B53A64C00D0CD83 /* AppEnvironment.swift in Sources */,
				0B5F95412B527CF7004E5117 /* Rating.swift in Sources */,
				0B5F954A2B52A127004E5117 /* HomeScreen.swift in Sources */,
				0BCF47312B53E39700D0CD83 /* String+Extension.swift in Sources */,
				0B5F953C2B527988004E5117 /* APIService.swift in Sources */,
				0B936CBC2B56E7880093B5D7 /* HorizontalCategories.swift in Sources */,
				0B5F95482B528F8B004E5117 /* ProductsListView.swift in Sources */,
				0B5F954D2B52AF6A004E5117 /* View+Extension.swift in Sources */,
				0BCF47352B54288600D0CD83 /* ProductHorizontalList.swift in Sources */,
				0B936CBA2B56E4730093B5D7 /* CategoriesModel.swift in Sources */,
				0B5F952E2B52796E004E5117 /* G_Store_MVApp.swift in Sources */,
				0BCF472F2B53C04F00D0CD83 /* NetworkImageView.swift in Sources */,
			);
			runOnlyForDeploymentPostprocessing = 0;
		};
/* End PBXSourcesBuildPhase section */

/* Begin XCBuildConfiguration section */
		0B5F95362B52796F004E5117 /* Debug */ = {
			isa = XCBuildConfiguration;
			buildSettings = {
				ALWAYS_SEARCH_USER_PATHS = NO;
				CLANG_ANALYZER_NONNULL = YES;
				CLANG_ANALYZER_NUMBER_OBJECT_CONVERSION = YES_AGGRESSIVE;
				CLANG_CXX_LANGUAGE_STANDARD = "gnu++20";
				CLANG_ENABLE_MODULES = YES;
				CLANG_ENABLE_OBJC_ARC = YES;
				CLANG_ENABLE_OBJC_WEAK = YES;
				CLANG_WARN_BLOCK_CAPTURE_AUTORELEASING = YES;
				CLANG_WARN_BOOL_CONVERSION = YES;
				CLANG_WARN_COMMA = YES;
				CLANG_WARN_CONSTANT_CONVERSION = YES;
				CLANG_WARN_DEPRECATED_OBJC_IMPLEMENTATIONS = YES;
				CLANG_WARN_DIRECT_OBJC_ISA_USAGE = YES_ERROR;
				CLANG_WARN_DOCUMENTATION_COMMENTS = YES;
				CLANG_WARN_EMPTY_BODY = YES;
				CLANG_WARN_ENUM_CONVERSION = YES;
				CLANG_WARN_INFINITE_RECURSION = YES;
				CLANG_WARN_INT_CONVERSION = YES;
				CLANG_WARN_NON_LITERAL_NULL_CONVERSION = YES;
				CLANG_WARN_OBJC_IMPLICIT_RETAIN_SELF = YES;
				CLANG_WARN_OBJC_LITERAL_CONVERSION = YES;
				CLANG_WARN_OBJC_ROOT_CLASS = YES_ERROR;
				CLANG_WARN_QUOTED_INCLUDE_IN_FRAMEWORK_HEADER = YES;
				CLANG_WARN_RANGE_LOOP_ANALYSIS = YES;
				CLANG_WARN_STRICT_PROTOTYPES = YES;
				CLANG_WARN_SUSPICIOUS_MOVE = YES;
				CLANG_WARN_UNGUARDED_AVAILABILITY = YES_AGGRESSIVE;
				CLANG_WARN_UNREACHABLE_CODE = YES;
				CLANG_WARN__DUPLICATE_METHOD_MATCH = YES;
				COPY_PHASE_STRIP = NO;
				DEBUG_INFORMATION_FORMAT = dwarf;
				ENABLE_STRICT_OBJC_MSGSEND = YES;
				ENABLE_TESTABILITY = YES;
				GCC_C_LANGUAGE_STANDARD = gnu11;
				GCC_DYNAMIC_NO_PIC = NO;
				GCC_NO_COMMON_BLOCKS = YES;
				GCC_OPTIMIZATION_LEVEL = 0;
				GCC_PREPROCESSOR_DEFINITIONS = (
					"DEBUG=1",
					"$(inherited)",
				);
				GCC_WARN_64_TO_32_BIT_CONVERSION = YES;
				GCC_WARN_ABOUT_RETURN_TYPE = YES_ERROR;
				GCC_WARN_UNDECLARED_SELECTOR = YES;
				GCC_WARN_UNINITIALIZED_AUTOS = YES_AGGRESSIVE;
				GCC_WARN_UNUSED_FUNCTION = YES;
				GCC_WARN_UNUSED_VARIABLE = YES;
				IPHONEOS_DEPLOYMENT_TARGET = 16.4;
				MTL_ENABLE_DEBUG_INFO = INCLUDE_SOURCE;
				MTL_FAST_MATH = YES;
				ONLY_ACTIVE_ARCH = YES;
				SDKROOT = iphoneos;
				SWIFT_ACTIVE_COMPILATION_CONDITIONS = DEBUG;
				SWIFT_OPTIMIZATION_LEVEL = "-Onone";
			};
			name = Debug;
		};
		0B5F95372B52796F004E5117 /* Release */ = {
			isa = XCBuildConfiguration;
			buildSettings = {
				ALWAYS_SEARCH_USER_PATHS = NO;
				CLANG_ANALYZER_NONNULL = YES;
				CLANG_ANALYZER_NUMBER_OBJECT_CONVERSION = YES_AGGRESSIVE;
				CLANG_CXX_LANGUAGE_STANDARD = "gnu++20";
				CLANG_ENABLE_MODULES = YES;
				CLANG_ENABLE_OBJC_ARC = YES;
				CLANG_ENABLE_OBJC_WEAK = YES;
				CLANG_WARN_BLOCK_CAPTURE_AUTORELEASING = YES;
				CLANG_WARN_BOOL_CONVERSION = YES;
				CLANG_WARN_COMMA = YES;
				CLANG_WARN_CONSTANT_CONVERSION = YES;
				CLANG_WARN_DEPRECATED_OBJC_IMPLEMENTATIONS = YES;
				CLANG_WARN_DIRECT_OBJC_ISA_USAGE = YES_ERROR;
				CLANG_WARN_DOCUMENTATION_COMMENTS = YES;
				CLANG_WARN_EMPTY_BODY = YES;
				CLANG_WARN_ENUM_CONVERSION = YES;
				CLANG_WARN_INFINITE_RECURSION = YES;
				CLANG_WARN_INT_CONVERSION = YES;
				CLANG_WARN_NON_LITERAL_NULL_CONVERSION = YES;
				CLANG_WARN_OBJC_IMPLICIT_RETAIN_SELF = YES;
				CLANG_WARN_OBJC_LITERAL_CONVERSION = YES;
				CLANG_WARN_OBJC_ROOT_CLASS = YES_ERROR;
				CLANG_WARN_QUOTED_INCLUDE_IN_FRAMEWORK_HEADER = YES;
				CLANG_WARN_RANGE_LOOP_ANALYSIS = YES;
				CLANG_WARN_STRICT_PROTOTYPES = YES;
				CLANG_WARN_SUSPICIOUS_MOVE = YES;
				CLANG_WARN_UNGUARDED_AVAILABILITY = YES_AGGRESSIVE;
				CLANG_WARN_UNREACHABLE_CODE = YES;
				CLANG_WARN__DUPLICATE_METHOD_MATCH = YES;
				COPY_PHASE_STRIP = NO;
				DEBUG_INFORMATION_FORMAT = "dwarf-with-dsym";
				ENABLE_NS_ASSERTIONS = NO;
				ENABLE_STRICT_OBJC_MSGSEND = YES;
				GCC_C_LANGUAGE_STANDARD = gnu11;
				GCC_NO_COMMON_BLOCKS = YES;
				GCC_WARN_64_TO_32_BIT_CONVERSION = YES;
				GCC_WARN_ABOUT_RETURN_TYPE = YES_ERROR;
				GCC_WARN_UNDECLARED_SELECTOR = YES;
				GCC_WARN_UNINITIALIZED_AUTOS = YES_AGGRESSIVE;
				GCC_WARN_UNUSED_FUNCTION = YES;
				GCC_WARN_UNUSED_VARIABLE = YES;
				IPHONEOS_DEPLOYMENT_TARGET = 16.4;
				MTL_ENABLE_DEBUG_INFO = NO;
				MTL_FAST_MATH = YES;
				SDKROOT = iphoneos;
				SWIFT_COMPILATION_MODE = wholemodule;
				SWIFT_OPTIMIZATION_LEVEL = "-O";
				VALIDATE_PRODUCT = YES;
			};
			name = Release;
		};
		0B5F95392B52796F004E5117 /* Debug */ = {
			isa = XCBuildConfiguration;
			buildSettings = {
				ASSETCATALOG_COMPILER_APPICON_NAME = AppIcon;
				ASSETCATALOG_COMPILER_GLOBAL_ACCENT_COLOR_NAME = AccentColor;
				CODE_SIGN_STYLE = Automatic;
				CURRENT_PROJECT_VERSION = 1;
				DEVELOPMENT_ASSET_PATHS = "\"G Store MV/Preview Content\"";
				DEVELOPMENT_TEAM = FKYN7T56XK;
				ENABLE_PREVIEWS = YES;
				GENERATE_INFOPLIST_FILE = YES;
				INFOPLIST_KEY_UIApplicationSceneManifest_Generation = YES;
				INFOPLIST_KEY_UIApplicationSupportsIndirectInputEvents = YES;
				INFOPLIST_KEY_UILaunchScreen_Generation = YES;
				INFOPLIST_KEY_UISupportedInterfaceOrientations_iPad = "UIInterfaceOrientationPortrait UIInterfaceOrientationPortraitUpsideDown UIInterfaceOrientationLandscapeLeft UIInterfaceOrientationLandscapeRight";
				INFOPLIST_KEY_UISupportedInterfaceOrientations_iPhone = "UIInterfaceOrientationPortrait UIInterfaceOrientationLandscapeLeft UIInterfaceOrientationLandscapeRight";
				IPHONEOS_DEPLOYMENT_TARGET = 15.0;
				LD_RUNPATH_SEARCH_PATHS = (
					"$(inherited)",
					"@executable_path/Frameworks",
				);
				MARKETING_VERSION = 1.0;
				PRODUCT_BUNDLE_IDENTIFIER = "diatomicsoft.com.G-Store-MV";
				PRODUCT_NAME = "$(TARGET_NAME)";
				SWIFT_EMIT_LOC_STRINGS = YES;
				SWIFT_VERSION = 5.0;
				TARGETED_DEVICE_FAMILY = "1,2";
			};
			name = Debug;
		};
		0B5F953A2B52796F004E5117 /* Release */ = {
			isa = XCBuildConfiguration;
			buildSettings = {
				ASSETCATALOG_COMPILER_APPICON_NAME = AppIcon;
				ASSETCATALOG_COMPILER_GLOBAL_ACCENT_COLOR_NAME = AccentColor;
				CODE_SIGN_STYLE = Automatic;
				CURRENT_PROJECT_VERSION = 1;
				DEVELOPMENT_ASSET_PATHS = "\"G Store MV/Preview Content\"";
				DEVELOPMENT_TEAM = FKYN7T56XK;
				ENABLE_PREVIEWS = YES;
				GENERATE_INFOPLIST_FILE = YES;
				INFOPLIST_KEY_UIApplicationSceneManifest_Generation = YES;
				INFOPLIST_KEY_UIApplicationSupportsIndirectInputEvents = YES;
				INFOPLIST_KEY_UILaunchScreen_Generation = YES;
				INFOPLIST_KEY_UISupportedInterfaceOrientations_iPad = "UIInterfaceOrientationPortrait UIInterfaceOrientationPortraitUpsideDown UIInterfaceOrientationLandscapeLeft UIInterfaceOrientationLandscapeRight";
				INFOPLIST_KEY_UISupportedInterfaceOrientations_iPhone = "UIInterfaceOrientationPortrait UIInterfaceOrientationLandscapeLeft UIInterfaceOrientationLandscapeRight";
				IPHONEOS_DEPLOYMENT_TARGET = 15.0;
				LD_RUNPATH_SEARCH_PATHS = (
					"$(inherited)",
					"@executable_path/Frameworks",
				);
				MARKETING_VERSION = 1.0;
				PRODUCT_BUNDLE_IDENTIFIER = "diatomicsoft.com.G-Store-MV";
				PRODUCT_NAME = "$(TARGET_NAME)";
				SWIFT_EMIT_LOC_STRINGS = YES;
				SWIFT_VERSION = 5.0;
				TARGETED_DEVICE_FAMILY = "1,2";
			};
			name = Release;
		};
/* End XCBuildConfiguration section */

/* Begin XCConfigurationList section */
		0B5F95252B52796E004E5117 /* Build configuration list for PBXProject "G Store MV" */ = {
			isa = XCConfigurationList;
			buildConfigurations = (
				0B5F95362B52796F004E5117 /* Debug */,
				0B5F95372B52796F004E5117 /* Release */,
			);
			defaultConfigurationIsVisible = 0;
			defaultConfigurationName = Release;
		};
		0B5F95382B52796F004E5117 /* Build configuration list for PBXNativeTarget "G Store MV" */ = {
			isa = XCConfigurationList;
			buildConfigurations = (
				0B5F95392B52796F004E5117 /* Debug */,
				0B5F953A2B52796F004E5117 /* Release */,
			);
			defaultConfigurationIsVisible = 0;
			defaultConfigurationName = Release;
		};
/* End XCConfigurationList section */
	};
	rootObject = 0B5F95222B52796E004E5117 /* Project object */;
}
